PODS:
  - pop (1.0.7)
  - PureLayout (2.0.6)
  - TabBarPicker (0.1.0)
  - UIView-Overlay (0.1)

DEPENDENCIES:
  - pop (~> 1.0)
  - PureLayout
  - TabBarPicker (from `../`)
  - UIView-Overlay

EXTERNAL SOURCES:
  TabBarPicker:
    :path: ../

SPEC CHECKSUMS:
  pop: 628ffc631644601567ee8bfaaaea493ebd7d0923
  PureLayout: f25f0bb904d5ccfe6e31da3cb869185259f02e0d
  TabBarPicker: 0b8b0c04ad47ed9c740cef5d31cac7fefe6cb273
  UIView-Overlay: 95e42e733f6fdcfca523a399ba7907d0ca4570a0

COCOAPODS: 0.38.2
